lockfileVersion: '9.0'

settings:
  autoInstallPeers: true
  excludeLinksFromLockfile: false

importers:

  .:
    dependencies:
      pnpm:
        specifier: ^6.14.0
        version: 6.35.1

packages:

  pnpm@6.35.1:
    resolution: {integrity: sha512-Pt5JEjV2JSORAqw/XtjfF4k34PBQFpqV3kUMFYSlyrWJsio5Hr3lqy2oJkpprMrVbOyBJsxXfZDQOlvmytIrgA==}
    engines: {node: '>=12.17'}
    hasBin: true

snapshots:

  pnpm@6.35.1: {}
